
Microsoft Visual Studio Solution File, Format Version 12.00
# Visual Studio Version 17
VisualStudioVersion = 17.14.36121.58
MinimumVisualStudioVersion = 10.0.40219.1
Project("{FAE04EC0-301F-11D3-BF4B-00C04F79EFBC}") = "ConsoleApp1", "ConsoleApp1\ConsoleApp1.csproj", "{0944A78F-65CD-4211-88BE-C8635E09C412}"
EndProject
Project("{FAE04EC0-301F-11D3-BF4B-00C04F79EFBC}") = "TestProject1", "TestProject1\TestProject1.csproj", "{4D0122AB-5F30-4DAB-B899-375D80263AFA}"
EndProject
Global
	GlobalSection(SolutionConfigurationPlatforms) = preSolution
		Debug|Any CPU = Debug|Any CPU
		Release|Any CPU = Release|Any CPU
	EndGlobalSection
	GlobalSection(ProjectConfigurationPlatforms) = postSolution
		{0944A78F-65CD-4211-88BE-C8635E09C412}.Debug|Any CPU.ActiveCfg = Debug|Any CPU
		{0944A78F-65CD-4211-88BE-C8635E09C412}.Debug|Any CPU.Build.0 = Debug|Any CPU
		{0944A78F-65CD-4211-88BE-C8635E09C412}.Release|Any CPU.ActiveCfg = Release|Any CPU
		{0944A78F-65CD-4211-88BE-C8635E09C412}.Release|Any CPU.Build.0 = Release|Any CPU
		{4D0122AB-5F30-4DAB-B899-375D80263AFA}.Debug|Any CPU.ActiveCfg = Debug|Any CPU
		{4D0122AB-5F30-4DAB-B899-375D80263AFA}.Debug|Any CPU.Build.0 = Debug|Any CPU
		{4D0122AB-5F30-4DAB-B899-375D80263AFA}.Release|Any CPU.ActiveCfg = Release|Any CPU
		{4D0122AB-5F30-4DAB-B899-375D80263AFA}.Release|Any CPU.Build.0 = Release|Any CPU
	EndGlobalSection
	GlobalSection(SolutionProperties) = preSolution
		HideSolutionNode = FALSE
	EndGlobalSection
	GlobalSection(ExtensibilityGlobals) = postSolution
		SolutionGuid = {AAF97000-EFC2-4046-9AE7-05E0C87AB795}
	EndGlobalSection
EndGlobal
